
Microsoft Visual Studio Solution File, Format Version 12.00
# Visual Studio Version 16
VisualStudioVersion = 16.0.32106.194
MinimumVisualStudioVersion = 10.0.40219.1
Project("{FAE04EC0-301F-11D3-BF4B-00C04F79EFBC}") = "NoSQLProjcet", "NoSQLProjcet\NoSQLProjcet.csproj", "{880308FB-BBCE-4737-8F03-44FD1ACB7262}"
EndProject
Project("{FAE04EC0-301F-11D3-BF4B-00C04F79EFBC}") = "DAL", "DAL\DAL.csproj", "{A9D1A167-6F47-4116-9DAA-DB8201D635EB}"
EndProject
Project("{FAE04EC0-301F-11D3-BF4B-00C04F79EFBC}") = "Service", "Service\Service.csproj", "{EB1B51BC-924B-49AF-B9BD-E950EE93A010}"
EndProject
Project("{FAE04EC0-301F-11D3-BF4B-00C04F79EFBC}") = "Model", "Model\Model.csproj", "{B045774C-048D-419D-860A-F74BEA74062F}"
EndProject
Global
	GlobalSection(SolutionConfigurationPlatforms) = preSolution
		Debug|Any CPU = Debug|Any CPU
		Release|Any CPU = Release|Any CPU
	EndGlobalSection
	GlobalSection(ProjectConfigurationPlatforms) = postSolution
		{880308FB-BBCE-4737-8F03-44FD1ACB7262}.Debug|Any CPU.ActiveCfg = Debug|Any CPU
		{880308FB-BBCE-4737-8F03-44FD1ACB7262}.Debug|Any CPU.Build.0 = Debug|Any CPU
		{880308FB-BBCE-4737-8F03-44FD1ACB7262}.Release|Any CPU.ActiveCfg = Release|Any CPU
		{880308FB-BBCE-4737-8F03-44FD1ACB7262}.Release|Any CPU.Build.0 = Release|Any CPU
		{A9D1A167-6F47-4116-9DAA-DB8201D635EB}.Debug|Any CPU.ActiveCfg = Debug|Any CPU
		{A9D1A167-6F47-4116-9DAA-DB8201D635EB}.Debug|Any CPU.Build.0 = Debug|Any CPU
		{A9D1A167-6F47-4116-9DAA-DB8201D635EB}.Release|Any CPU.ActiveCfg = Release|Any CPU
		{A9D1A167-6F47-4116-9DAA-DB8201D635EB}.Release|Any CPU.Build.0 = Release|Any CPU
		{EB1B51BC-924B-49AF-B9BD-E950EE93A010}.Debug|Any CPU.ActiveCfg = Debug|Any CPU
		{EB1B51BC-924B-49AF-B9BD-E950EE93A010}.Debug|Any CPU.Build.0 = Debug|Any CPU
		{EB1B51BC-924B-49AF-B9BD-E950EE93A010}.Release|Any CPU.ActiveCfg = Release|Any CPU
		{EB1B51BC-924B-49AF-B9BD-E950EE93A010}.Release|Any CPU.Build.0 = Release|Any CPU
		{B045774C-048D-419D-860A-F74BEA74062F}.Debug|Any CPU.ActiveCfg = Debug|Any CPU
		{B045774C-048D-419D-860A-F74BEA74062F}.Debug|Any CPU.Build.0 = Debug|Any CPU
		{B045774C-048D-419D-860A-F74BEA74062F}.Release|Any CPU.ActiveCfg = Release|Any CPU
		{B045774C-048D-419D-860A-F74BEA74062F}.Release|Any CPU.Build.0 = Release|Any CPU
	EndGlobalSection
	GlobalSection(SolutionProperties) = preSolution
		HideSolutionNode = FALSE
	EndGlobalSection
	GlobalSection(ExtensibilityGlobals) = postSolution
		SolutionGuid = {6293C4F1-578B-4BAE-BBF3-62AB78665FA8}
	EndGlobalSection
EndGlobal
